
Microsoft Visual Studio Solution File, Format Version 12.00
# Visual Studio Version 17
VisualStudioVersion = 17.0.32014.148
MinimumVisualStudioVersion = 10.0.40219.1
Project("{FAE04EC0-301F-11D3-BF4B-00C04F79EFBC}") = "EmpWageComputation", "EmpWageComputation\EmpWageComputation.csproj", "{54FE4957-5861-46BB-A4F1-444C595D84AB}"
EndProject
Global
	GlobalSection(SolutionConfigurationPlatforms) = preSolution
		Debug|Any CPU = Debug|Any CPU
		Release|Any CPU = Release|Any CPU
	EndGlobalSection
	GlobalSection(ProjectConfigurationPlatforms) = postSolution
		{54FE4957-5861-46BB-A4F1-444C595D84AB}.Debug|Any CPU.ActiveCfg = Debug|Any CPU
		{54FE4957-5861-46BB-A4F1-444C595D84AB}.Debug|Any CPU.Build.0 = Debug|Any CPU
		{54FE4957-5861-46BB-A4F1-444C595D84AB}.Release|Any CPU.ActiveCfg = Release|Any CPU
		{54FE4957-5861-46BB-A4F1-444C595D84AB}.Release|Any CPU.Build.0 = Release|Any CPU
	EndGlobalSection
	GlobalSection(SolutionProperties) = preSolution
		HideSolutionNode = FALSE
	EndGlobalSection
	GlobalSection(ExtensibilityGlobals) = postSolution
		SolutionGuid = {1136CD01-D9BC-4152-93CF-69102EE27F45}
	EndGlobalSection
EndGlobal
